
Microsoft Visual Studio Solution File, Format Version 12.00
# Visual Studio 15
VisualStudioVersion = 15.0.28307.271
MinimumVisualStudioVersion = 10.0.40219.1
Project("{FAE04EC0-301F-11D3-BF4B-00C04F79EFBC}") = "PersonelAdding", "PersonelAdding\PersonelAdding.csproj", "{927F90B4-9E9E-48AF-B54D-24B30E191D62}"
EndProject
Global
	GlobalSection(SolutionConfigurationPlatforms) = preSolution
		Debug|Any CPU = Debug|Any CPU
		Release|Any CPU = Release|Any CPU
	EndGlobalSection
	GlobalSection(ProjectConfigurationPlatforms) = postSolution
		{927F90B4-9E9E-48AF-B54D-24B30E191D62}.Debug|Any CPU.ActiveCfg = Debug|Any CPU
		{927F90B4-9E9E-48AF-B54D-24B30E191D62}.Debug|Any CPU.Build.0 = Debug|Any CPU
		{927F90B4-9E9E-48AF-B54D-24B30E191D62}.Release|Any CPU.ActiveCfg = Release|Any CPU
		{927F90B4-9E9E-48AF-B54D-24B30E191D62}.Release|Any CPU.Build.0 = Release|Any CPU
	EndGlobalSection
	GlobalSection(SolutionProperties) = preSolution
		HideSolutionNode = FALSE
	EndGlobalSection
	GlobalSection(ExtensibilityGlobals) = postSolution
		SolutionGuid = {FC5B9414-DA30-4E40-A446-7578F6657E25}
	EndGlobalSection
EndGlobal
